
Microsoft Visual Studio Solution File, Format Version 12.00
# Visual Studio Version 17
VisualStudioVersion = 17.4.33205.214
MinimumVisualStudioVersion = 10.0.40219.1
Project("{FAE04EC0-301F-11D3-BF4B-00C04F79EFBC}") = "gocqhttp-CSharp", "gocqhttp-CSharp.csproj", "{AFA75D0F-6D21-411F-886B-8B0D48EC7C8F}"
EndProject
Global
	GlobalSection(SolutionConfigurationPlatforms) = preSolution
		Debug|Any CPU = Debug|Any CPU
		Release|Any CPU = Release|Any CPU
	EndGlobalSection
	GlobalSection(ProjectConfigurationPlatforms) = postSolution
		{AFA75D0F-6D21-411F-886B-8B0D48EC7C8F}.Debug|Any CPU.ActiveCfg = Debug|Any CPU
		{AFA75D0F-6D21-411F-886B-8B0D48EC7C8F}.Debug|Any CPU.Build.0 = Debug|Any CPU
		{AFA75D0F-6D21-411F-886B-8B0D48EC7C8F}.Release|Any CPU.ActiveCfg = Release|Any CPU
		{AFA75D0F-6D21-411F-886B-8B0D48EC7C8F}.Release|Any CPU.Build.0 = Release|Any CPU
	EndGlobalSection
	GlobalSection(SolutionProperties) = preSolution
		HideSolutionNode = FALSE
	EndGlobalSection
	GlobalSection(ExtensibilityGlobals) = postSolution
		SolutionGuid = {F823B793-C0D9-459B-9A09-2BEEEBAB50C4}
	EndGlobalSection
EndGlobal
